
Microsoft Visual Studio Solution File, Format Version 12.00
# Visual Studio Version 17
VisualStudioVersion = 17.7.34024.191
MinimumVisualStudioVersion = 10.0.40219.1
Project("{9A19103F-16F7-4668-BE54-9A1E7A4F7556}") = "AdvancedBinarySearchTree", "AdvancedBinarySearchTree.csproj", "{C0219DB8-2C40-4B76-A58E-60DC130134D3}"
EndProject
Global
	GlobalSection(SolutionConfigurationPlatforms) = preSolution
		Debug|Any CPU = Debug|Any CPU
		Release|Any CPU = Release|Any CPU
	EndGlobalSection
	GlobalSection(ProjectConfigurationPlatforms) = postSolution
		{C0219DB8-2C40-4B76-A58E-60DC130134D3}.Debug|Any CPU.ActiveCfg = Debug|Any CPU
		{C0219DB8-2C40-4B76-A58E-60DC130134D3}.Debug|Any CPU.Build.0 = Debug|Any CPU
		{C0219DB8-2C40-4B76-A58E-60DC130134D3}.Release|Any CPU.ActiveCfg = Release|Any CPU
		{C0219DB8-2C40-4B76-A58E-60DC130134D3}.Release|Any CPU.Build.0 = Release|Any CPU
	EndGlobalSection
	GlobalSection(SolutionProperties) = preSolution
		HideSolutionNode = FALSE
	EndGlobalSection
	GlobalSection(ExtensibilityGlobals) = postSolution
		SolutionGuid = {F6FDCEC6-306E-4B2F-B06C-A33EAB6D0BFF}
	EndGlobalSection
EndGlobal
